core:changelogs:
  - content: "---\npackages:\n  npm:@noxify/casl-drizzle:\n    type: patch\n---\n\n## Dependency updates\n\n- Updated all dependency\n- fixed open npm vulnerability ( `js-yaml`, dev dependency )\n"
    filename: 2026-08-03-mscyisoy.md
    v: 0.0.0
core:packages:
  - changelogIds:
      - 2026-08-03-mscyisoy.md
    id: npm:@noxify/casl-drizzle
    updated: true
npm:packages:
  - id: npm:@noxify/casl-drizzle
